
Microsoft Visual Studio Solution File, Format Version 12.00
# Visual Studio Version 16
VisualStudioVersion = 16.0.32106.194
MinimumVisualStudioVersion = 10.0.40219.1
Project("{FAE04EC0-301F-11D3-BF4B-00C04F79EFBC}") = "iş başvurusu", "iş başvurusu\iş başvurusu.csproj", "{77F63319-C814-4DB7-A532-E6087FB74781}"
EndProject
Global
	GlobalSection(SolutionConfigurationPlatforms) = preSolution
		Debug|Any CPU = Debug|Any CPU
		Release|Any CPU = Release|Any CPU
	EndGlobalSection
	GlobalSection(ProjectConfigurationPlatforms) = postSolution
		{77F63319-C814-4DB7-A532-E6087FB74781}.Debug|Any CPU.ActiveCfg = Debug|Any CPU
		{77F63319-C814-4DB7-A532-E6087FB74781}.Debug|Any CPU.Build.0 = Debug|Any CPU
		{77F63319-C814-4DB7-A532-E6087FB74781}.Release|Any CPU.ActiveCfg = Release|Any CPU
		{77F63319-C814-4DB7-A532-E6087FB74781}.Release|Any CPU.Build.0 = Release|Any CPU
	EndGlobalSection
	GlobalSection(SolutionProperties) = preSolution
		HideSolutionNode = FALSE
	EndGlobalSection
	GlobalSection(ExtensibilityGlobals) = postSolution
		SolutionGuid = {C7208D59-8C12-413B-8961-95C4A2064708}
	EndGlobalSection
EndGlobal
